// !$*UTF8*$!
{
	archiveVersion = 1;
	classes = {
	};
	objectVersion = 50;
	objects = {

/* Begin PBXBuildFile section */
		930B19AD23D3C59000D7A325 /* Fare.swift in Sources */ = {isa = PBXBuildFile; fileRef = 930B19AC23D3C59000D7A325 /* Fare.swift */; };
		930F8E9523DAAAB5008DDC35 /* Advisory.swift in Sources */ = {isa = PBXBuildFile; fileRef = 930F8E9423DAAAB5008DDC35 /* Advisory.swift */; };
		93214C8E23AE9FA1008BD634 /* Route.swift in Sources */ = {isa = PBXBuildFile; fileRef = 93214C8D23AE9FA1008BD634 /* Route.swift */; };
		93214C9123B037BF008BD634 /* MapKit.framework in Frameworks */ = {isa = PBXBuildFile; fileRef = 93214C9023B037BF008BD634 /* MapKit.framework */; };
		932BC52A24145D3900D5501A /* NavigationController+Ext.swift in Sources */ = {isa = PBXBuildFile; fileRef = 932BC52924145D3900D5501A /* NavigationController+Ext.swift */; };
		9356108024171A1600D92CC1 /* StationListViewController.swift in Sources */ = {isa = PBXBuildFile; fileRef = 9356107F24171A1600D92CC1 /* StationListViewController.swift */; };
		936E9C3223AB241E00BD9E56 /* UIColor+Ext.swift in Sources */ = {isa = PBXBuildFile; fileRef = 936E9C3123AB241E00BD9E56 /* UIColor+Ext.swift */; };
		936E9C3423AB673800BD9E56 /* StationInfo.swift in Sources */ = {isa = PBXBuildFile; fileRef = 936E9C3323AB673800BD9E56 /* StationInfo.swift */; };
		9370226A23BE80FA00D45D8C /* Train.swift in Sources */ = {isa = PBXBuildFile; fileRef = 9370226923BE80FA00D45D8C /* Train.swift */; };
		9371C97223B042B10022C0F4 /* UIView+Ext.swift in Sources */ = {isa = PBXBuildFile; fileRef = 9371C97123B042B10022C0F4 /* UIView+Ext.swift */; };
		93940C73240DA302004303AE /* NeoHomeViewController.swift in Sources */ = {isa = PBXBuildFile; fileRef = 93940C72240DA302004303AE /* NeoHomeViewController.swift */; };
		93940C77240DA386004303AE /* NeoMap.swift in Sources */ = {isa = PBXBuildFile; fileRef = 93940C76240DA386004303AE /* NeoMap.swift */; };
		93940C7A240DA3D3004303AE /* NeoTableView.swift in Sources */ = {isa = PBXBuildFile; fileRef = 93940C79240DA3D3004303AE /* NeoTableView.swift */; };
		93940C7D240DA50F004303AE /* NeoButton.swift in Sources */ = {isa = PBXBuildFile; fileRef = 93940C7C240DA50F004303AE /* NeoButton.swift */; };
		93940C80240DA538004303AE /* NearestStationCell.swift in Sources */ = {isa = PBXBuildFile; fileRef = 93940C7F240DA538004303AE /* NearestStationCell.swift */; };
		93940C82240DA54F004303AE /* NextTrainCell.swift in Sources */ = {isa = PBXBuildFile; fileRef = 93940C81240DA54F004303AE /* NextTrainCell.swift */; };
		93940C84240DA56B004303AE /* StationListCell.swift in Sources */ = {isa = PBXBuildFile; fileRef = 93940C83240DA56B004303AE /* StationListCell.swift */; };
		93940C86240DA5B7004303AE /* TrainArrivalsCell.swift in Sources */ = {isa = PBXBuildFile; fileRef = 93940C85240DA5B6004303AE /* TrainArrivalsCell.swift */; };
		93940C88240DA628004303AE /* UIButton+Ext.swift in Sources */ = {isa = PBXBuildFile; fileRef = 93940C87240DA628004303AE /* UIButton+Ext.swift */; };
		9394A296240B547F00E8A2BF /* NetworkManager.swift in Sources */ = {isa = PBXBuildFile; fileRef = 9394A295240B547F00E8A2BF /* NetworkManager.swift */; };
		9394A298240B555F00E8A2BF /* StationsAPI.swift in Sources */ = {isa = PBXBuildFile; fileRef = 9394A297240B555F00E8A2BF /* StationsAPI.swift */; };
		9394A29A240B569E00E8A2BF /* ScheduleAPI.swift in Sources */ = {isa = PBXBuildFile; fileRef = 9394A299240B569E00E8A2BF /* ScheduleAPI.swift */; };
		9394A29C240B56EC00E8A2BF /* RealTimeInfoAPI.swift in Sources */ = {isa = PBXBuildFile; fileRef = 9394A29B240B56EC00E8A2BF /* RealTimeInfoAPI.swift */; };
		9394A29F240B573900E8A2BF /* AdvisoryInfoAPI.swift in Sources */ = {isa = PBXBuildFile; fileRef = 9394A29E240B573900E8A2BF /* AdvisoryInfoAPI.swift */; };
		93A5EC7023B6E6DF007C5860 /* DispatchQueue+Ext.swift in Sources */ = {isa = PBXBuildFile; fileRef = 93A5EC6F23B6E6DF007C5860 /* DispatchQueue+Ext.swift */; };
		93BE2D5A23DA6E5A001FC436 /* AdvisoryPopUp.swift in Sources */ = {isa = PBXBuildFile; fileRef = 93BE2D5923DA6E5A001FC436 /* AdvisoryPopUp.swift */; };
		93BF613223DBB2B10000C6D2 /* UIViewController+Ext.swift in Sources */ = {isa = PBXBuildFile; fileRef = 93BF613123DBB2B10000C6D2 /* UIViewController+Ext.swift */; };
		93DF8F1A23A99154007766BB /* AppDelegate.swift in Sources */ = {isa = PBXBuildFile; fileRef = 93DF8F1923A99154007766BB /* AppDelegate.swift */; };
		93DF8F1C23A99154007766BB /* SceneDelegate.swift in Sources */ = {isa = PBXBuildFile; fileRef = 93DF8F1B23A99154007766BB /* SceneDelegate.swift */; };
		93DF8F2123A99154007766BB /* Main.storyboard in Resources */ = {isa = PBXBuildFile; fileRef = 93DF8F1F23A99154007766BB /* Main.storyboard */; };
		93DF8F2423A99154007766BB /* BartAPI.xcdatamodeld in Sources */ = {isa = PBXBuildFile; fileRef = 93DF8F2223A99154007766BB /* BartAPI.xcdatamodeld */; };
		93DF8F2623A99157007766BB /* Assets.xcassets in Resources */ = {isa = PBXBuildFile; fileRef = 93DF8F2523A99157007766BB /* Assets.xcassets */; };
		93DF8F2923A99157007766BB /* LaunchScreen.storyboard in Resources */ = {isa = PBXBuildFile; fileRef = 93DF8F2723A99157007766BB /* LaunchScreen.storyboard */; };
		93DF8F3223A99260007766BB /* Station.swift in Sources */ = {isa = PBXBuildFile; fileRef = 93DF8F3123A99260007766BB /* Station.swift */; };
		93E1EEF123CEAC1C00C5676A /* mapViewDelegate.swift in Sources */ = {isa = PBXBuildFile; fileRef = 93E1EEF023CEAC1C00C5676A /* mapViewDelegate.swift */; };
		93E1EEF323D02B0700C5676A /* MapKit+Ext.swift in Sources */ = {isa = PBXBuildFile; fileRef = 93E1EEF223D02B0700C5676A /* MapKit+Ext.swift */; };
/* End PBXBuildFile section */

/* Begin PBXFileReference section */
		930B19AC23D3C59000D7A325 /* Fare.swift */ = {isa = PBXFileReference; lastKnownFileType = sourcecode.swift; path = Fare.swift; sourceTree = "<group>"; };
		930F8E9423DAAAB5008DDC35 /* Advisory.swift */ = {isa = PBXFileReference; lastKnownFileType = sourcecode.swift; path = Advisory.swift; sourceTree = "<group>"; };
		93214C8D23AE9FA1008BD634 /* Route.swift */ = {isa = PBXFileReference; lastKnownFileType = sourcecode.swift; path = Route.swift; sourceTree = "<group>"; };
		93214C9023B037BF008BD634 /* MapKit.framework */ = {isa = PBXFileReference; lastKnownFileType = wrapper.framework; name = MapKit.framework; path = System/Library/Frameworks/MapKit.framework; sourceTree = SDKROOT; };
		932BC52924145D3900D5501A /* NavigationController+Ext.swift */ = {isa = PBXFileReference; lastKnownFileType = sourcecode.swift; path = "NavigationController+Ext.swift"; sourceTree = "<group>"; };
		9356107F24171A1600D92CC1 /* StationListViewController.swift */ = {isa = PBXFileReference; lastKnownFileType = sourcecode.swift; path = StationListViewController.swift; sourceTree = "<group>"; };
		936E9C3123AB241E00BD9E56 /* UIColor+Ext.swift */ = {isa = PBXFileReference; lastKnownFileType = sourcecode.swift; path = "UIColor+Ext.swift"; sourceTree = "<group>"; };
		936E9C3323AB673800BD9E56 /* StationInfo.swift */ = {isa = PBXFileReference; lastKnownFileType = sourcecode.swift; path = StationInfo.swift; sourceTree = "<group>"; };
		9370226923BE80FA00D45D8C /* Train.swift */ = {isa = PBXFileReference; lastKnownFileType = sourcecode.swift; path = Train.swift; sourceTree = "<group>"; };
		9371C97123B042B10022C0F4 /* UIView+Ext.swift */ = {isa = PBXFileReference; lastKnownFileType = sourcecode.swift; path = "UIView+Ext.swift"; sourceTree = "<group>"; };
		93940C72240DA302004303AE /* NeoHomeViewController.swift */ = {isa = PBXFileReference; lastKnownFileType = sourcecode.swift; path = NeoHomeViewController.swift; sourceTree = "<group>"; };
		93940C76240DA386004303AE /* NeoMap.swift */ = {isa = PBXFileReference; lastKnownFileType = sourcecode.swift; path = NeoMap.swift; sourceTree = "<group>"; };
		93940C79240DA3D3004303AE /* NeoTableView.swift */ = {isa = PBXFileReference; lastKnownFileType = sourcecode.swift; path = NeoTableView.swift; sourceTree = "<group>"; };
		93940C7C240DA50F004303AE /* NeoButton.swift */ = {isa = PBXFileReference; lastKnownFileType = sourcecode.swift; path = NeoButton.swift; sourceTree = "<group>"; };
		93940C7F240DA538004303AE /* NearestStationCell.swift */ = {isa = PBXFileReference; lastKnownFileType = sourcecode.swift; path = NearestStationCell.swift; sourceTree = "<group>"; };
		93940C81240DA54F004303AE /* NextTrainCell.swift */ = {isa = PBXFileReference; lastKnownFileType = sourcecode.swift; path = NextTrainCell.swift; sourceTree = "<group>"; };
		93940C83240DA56B004303AE /* StationListCell.swift */ = {isa = PBXFileReference; lastKnownFileType = sourcecode.swift; path = StationListCell.swift; sourceTree = "<group>"; };
		93940C85240DA5B6004303AE /* TrainArrivalsCell.swift */ = {isa = PBXFileReference; lastKnownFileType = sourcecode.swift; path = TrainArrivalsCell.swift; sourceTree = "<group>"; };
		93940C87240DA628004303AE /* UIButton+Ext.swift */ = {isa = PBXFileReference; lastKnownFileType = sourcecode.swift; path = "UIButton+Ext.swift"; sourceTree = "<group>"; };
		9394A295240B547F00E8A2BF /* NetworkManager.swift */ = {isa = PBXFileReference; lastKnownFileType = sourcecode.swift; path = NetworkManager.swift; sourceTree = "<group>"; };
		9394A297240B555F00E8A2BF /* StationsAPI.swift */ = {isa = PBXFileReference; lastKnownFileType = sourcecode.swift; path = StationsAPI.swift; sourceTree = "<group>"; };
		9394A299240B569E00E8A2BF /* ScheduleAPI.swift */ = {isa = PBXFileReference; lastKnownFileType = sourcecode.swift; path = ScheduleAPI.swift; sourceTree = "<group>"; };
		9394A29B240B56EC00E8A2BF /* RealTimeInfoAPI.swift */ = {isa = PBXFileReference; lastKnownFileType = sourcecode.swift; path = RealTimeInfoAPI.swift; sourceTree = "<group>"; };
		9394A29E240B573900E8A2BF /* AdvisoryInfoAPI.swift */ = {isa = PBXFileReference; lastKnownFileType = sourcecode.swift; path = AdvisoryInfoAPI.swift; sourceTree = "<group>"; };
		93A5EC6F23B6E6DF007C5860 /* DispatchQueue+Ext.swift */ = {isa = PBXFileReference; lastKnownFileType = sourcecode.swift; path = "DispatchQueue+Ext.swift"; sourceTree = "<group>"; };
		93BE2D5923DA6E5A001FC436 /* AdvisoryPopUp.swift */ = {isa = PBXFileReference; lastKnownFileType = sourcecode.swift; path = AdvisoryPopUp.swift; sourceTree = "<group>"; };
		93BF613123DBB2B10000C6D2 /* UIViewController+Ext.swift */ = {isa = PBXFileReference; lastKnownFileType = sourcecode.swift; path = "UIViewController+Ext.swift"; sourceTree = "<group>"; };
		93DF8F1623A99153007766BB /* BartAPI.app */ = {isa = PBXFileReference; explicitFileType = wrapper.application; includeInIndex = 0; path = BartAPI.app; sourceTree = BUILT_PRODUCTS_DIR; };
		93DF8F1923A99154007766BB /* AppDelegate.swift */ = {isa = PBXFileReference; lastKnownFileType = sourcecode.swift; path = AppDelegate.swift; sourceTree = "<group>"; };
		93DF8F1B23A99154007766BB /* SceneDelegate.swift */ = {isa = PBXFileReference; lastKnownFileType = sourcecode.swift; path = SceneDelegate.swift; sourceTree = "<group>"; };
		93DF8F2023A99154007766BB /* Base */ = {isa = PBXFileReference; lastKnownFileType = file.storyboard; name = Base; path = Base.lproj/Main.storyboard; sourceTree = "<group>"; };
		93DF8F2323A99154007766BB /* BartAPI.xcdatamodel */ = {isa = PBXFileReference; lastKnownFileType = wrapper.xcdatamodel; path = BartAPI.xcdatamodel; sourceTree = "<group>"; };
		93DF8F2523A99157007766BB /* Assets.xcassets */ = {isa = PBXFileReference; lastKnownFileType = folder.assetcatalog; path = Assets.xcassets; sourceTree = "<group>"; };
		93DF8F2823A99157007766BB /* Base */ = {isa = PBXFileReference; lastKnownFileType = file.storyboard; name = Base; path = Base.lproj/LaunchScreen.storyboard; sourceTree = "<group>"; };
		93DF8F2A23A99157007766BB /* Info.plist */ = {isa = PBXFileReference; lastKnownFileType = text.plist.xml; path = Info.plist; sourceTree = "<group>"; };
		93DF8F3123A99260007766BB /* Station.swift */ = {isa = PBXFileReference; lastKnownFileType = sourcecode.swift; path = Station.swift; sourceTree = "<group>"; };
		93E1EEF023CEAC1C00C5676A /* mapViewDelegate.swift */ = {isa = PBXFileReference; lastKnownFileType = sourcecode.swift; path = mapViewDelegate.swift; sourceTree = "<group>"; };
		93E1EEF223D02B0700C5676A /* MapKit+Ext.swift */ = {isa = PBXFileReference; lastKnownFileType = sourcecode.swift; path = "MapKit+Ext.swift"; sourceTree = "<group>"; };
/* End PBXFileReference section */

/* Begin PBXFrameworksBuildPhase section */
		93DF8F1323A99153007766BB /* Frameworks */ = {
			isa = PBXFrameworksBuildPhase;
			buildActionMask = 2147483647;
			files = (
				93214C9123B037BF008BD634 /* MapKit.framework in Frameworks */,
			);
			runOnlyForDeploymentPostprocessing = 0;
		};
/* End PBXFrameworksBuildPhase section */

/* Begin PBXGroup section */
		93214C8F23B037BF008BD634 /* Frameworks */ = {
			isa = PBXGroup;
			children = (
				93214C9023B037BF008BD634 /* MapKit.framework */,
			);
			name = Frameworks;
			sourceTree = "<group>";
		};
		933BF8AF23A9BC5A00A501A0 /* Storyboards */ = {
			isa = PBXGroup;
			children = (
				93DF8F1F23A99154007766BB /* Main.storyboard */,
				93DF8F2723A99157007766BB /* LaunchScreen.storyboard */,
			);
			path = Storyboards;
			sourceTree = "<group>";
		};
		933BF8B623A9C3CE00A501A0 /* TableViewCells */ = {
			isa = PBXGroup;
			children = (
			);
			path = TableViewCells;
			sourceTree = "<group>";
		};
		936E9C3023AB240900BD9E56 /* Extensions */ = {
			isa = PBXGroup;
			children = (
				936E9C3123AB241E00BD9E56 /* UIColor+Ext.swift */,
				9371C97123B042B10022C0F4 /* UIView+Ext.swift */,
				93A5EC6F23B6E6DF007C5860 /* DispatchQueue+Ext.swift */,
				93E1EEF223D02B0700C5676A /* MapKit+Ext.swift */,
				93BF613123DBB2B10000C6D2 /* UIViewController+Ext.swift */,
				93940C87240DA628004303AE /* UIButton+Ext.swift */,
				932BC52924145D3900D5501A /* NavigationController+Ext.swift */,
			);
			path = Extensions;
			sourceTree = "<group>";
		};
		93762B0123C40EAE002D3460 /* UIViews */ = {
			isa = PBXGroup;
			children = (
				93BE2D5923DA6E5A001FC436 /* AdvisoryPopUp.swift */,
			);
			path = UIViews;
			sourceTree = "<group>";
		};
		93940C74240DA35C004303AE /* NeoViews */ = {
			isa = PBXGroup;
			children = (
				93940C7E240DA524004303AE /* TableCells */,
				93940C7B240DA4FE004303AE /* UIButton */,
				93940C78240DA3C3004303AE /* TableViews */,
				93940C75240DA37B004303AE /* MapView */,
			);
			path = NeoViews;
			sourceTree = "<group>";
		};
		93940C75240DA37B004303AE /* MapView */ = {
			isa = PBXGroup;
			children = (
				93940C76240DA386004303AE /* NeoMap.swift */,
			);
			path = MapView;
			sourceTree = "<group>";
		};
		93940C78240DA3C3004303AE /* TableViews */ = {
			isa = PBXGroup;
			children = (
				93940C79240DA3D3004303AE /* NeoTableView.swift */,
			);
			path = TableViews;
			sourceTree = "<group>";
		};
		93940C7B240DA4FE004303AE /* UIButton */ = {
			isa = PBXGroup;
			children = (
				93940C7C240DA50F004303AE /* NeoButton.swift */,
			);
			path = UIButton;
			sourceTree = "<group>";
		};
		93940C7E240DA524004303AE /* TableCells */ = {
			isa = PBXGroup;
			children = (
				93940C7F240DA538004303AE /* NearestStationCell.swift */,
				93940C81240DA54F004303AE /* NextTrainCell.swift */,
				93940C83240DA56B004303AE /* StationListCell.swift */,
				93940C85240DA5B6004303AE /* TrainArrivalsCell.swift */,
			);
			path = TableCells;
			sourceTree = "<group>";
		};
		9394A294240B546F00E8A2BF /* Network */ = {
			isa = PBXGroup;
			children = (
				9394A29D240B571700E8A2BF /* BartAPI */,
				9394A295240B547F00E8A2BF /* NetworkManager.swift */,
			);
			path = Network;
			sourceTree = "<group>";
		};
		9394A29D240B571700E8A2BF /* BartAPI */ = {
			isa = PBXGroup;
			children = (
				9394A297240B555F00E8A2BF /* StationsAPI.swift */,
				9394A299240B569E00E8A2BF /* ScheduleAPI.swift */,
				9394A29B240B56EC00E8A2BF /* RealTimeInfoAPI.swift */,
				9394A29E240B573900E8A2BF /* AdvisoryInfoAPI.swift */,
			);
			path = BartAPI;
			sourceTree = "<group>";
		};
		93B847D923D2C32A004FCBCC /* UIViews */ = {
			isa = PBXGroup;
			children = (
				93940C72240DA302004303AE /* NeoHomeViewController.swift */,
				9356107F24171A1600D92CC1 /* StationListViewController.swift */,
			);
			path = UIViews;
			sourceTree = "<group>";
		};
		93DF8F0D23A99153007766BB = {
			isa = PBXGroup;
			children = (
				93DF8F1823A99153007766BB /* BartAPI */,
				93DF8F1723A99153007766BB /* Products */,
				93214C8F23B037BF008BD634 /* Frameworks */,
			);
			sourceTree = "<group>";
		};
		93DF8F1723A99153007766BB /* Products */ = {
			isa = PBXGroup;
			children = (
				93DF8F1623A99153007766BB /* BartAPI.app */,
			);
			name = Products;
			sourceTree = "<group>";
		};
		93DF8F1823A99153007766BB /* BartAPI */ = {
			isa = PBXGroup;
			children = (
				9394A294240B546F00E8A2BF /* Network */,
				93E1EEEF23CEABED00C5676A /* Protocols */,
				936E9C3023AB240900BD9E56 /* Extensions */,
				933BF8AF23A9BC5A00A501A0 /* Storyboards */,
				93DF8F3623A99BC3007766BB /* Controllers */,
				93DF8F3523A99785007766BB /* Views */,
				93DF8F3023A99252007766BB /* Models */,
				93DF8F1923A99154007766BB /* AppDelegate.swift */,
				93DF8F1B23A99154007766BB /* SceneDelegate.swift */,
				93DF8F2523A99157007766BB /* Assets.xcassets */,
				93DF8F2A23A99157007766BB /* Info.plist */,
				93DF8F2223A99154007766BB /* BartAPI.xcdatamodeld */,
			);
			path = BartAPI;
			sourceTree = "<group>";
		};
		93DF8F3023A99252007766BB /* Models */ = {
			isa = PBXGroup;
			children = (
				93DF8F3123A99260007766BB /* Station.swift */,
				936E9C3323AB673800BD9E56 /* StationInfo.swift */,
				93214C8D23AE9FA1008BD634 /* Route.swift */,
				9370226923BE80FA00D45D8C /* Train.swift */,
				930B19AC23D3C59000D7A325 /* Fare.swift */,
				930F8E9423DAAAB5008DDC35 /* Advisory.swift */,
			);
			path = Models;
			sourceTree = "<group>";
		};
		93DF8F3523A99785007766BB /* Views */ = {
			isa = PBXGroup;
			children = (
				93940C74240DA35C004303AE /* NeoViews */,
				93762B0123C40EAE002D3460 /* UIViews */,
				933BF8B623A9C3CE00A501A0 /* TableViewCells */,
			);
			path = Views;
			sourceTree = "<group>";
		};
		93DF8F3623A99BC3007766BB /* Controllers */ = {
			isa = PBXGroup;
			children = (
				93B847D923D2C32A004FCBCC /* UIViews */,
			);
			path = Controllers;
			sourceTree = "<group>";
		};
		93E1EEEF23CEABED00C5676A /* Protocols */ = {
			isa = PBXGroup;
			children = (
				93E1EEF023CEAC1C00C5676A /* mapViewDelegate.swift */,
			);
			path = Protocols;
			sourceTree = "<group>";
		};
/* End PBXGroup section */

/* Begin PBXNativeTarget section */
		93DF8F1523A99153007766BB /* BartAPI */ = {
			isa = PBXNativeTarget;
			buildConfigurationList = 93DF8F2D23A99157007766BB /* Build configuration list for PBXNativeTarget "BartAPI" */;
			buildPhases = (
				93DF8F1223A99153007766BB /* Sources */,
				93DF8F1323A99153007766BB /* Frameworks */,
				93DF8F1423A99153007766BB /* Resources */,
			);
			buildRules = (
			);
			dependencies = (
			);
			name = BartAPI;
			productName = BartAPI;
			productReference = 93DF8F1623A99153007766BB /* BartAPI.app */;
			productType = "com.apple.product-type.application";
		};
/* End PBXNativeTarget section */

/* Begin PBXProject section */
		93DF8F0E23A99153007766BB /* Project object */ = {
			isa = PBXProject;
			attributes = {
				LastSwiftUpdateCheck = 1130;
				LastUpgradeCheck = 1130;
				ORGANIZATIONNAME = "Adrian Duran";
				TargetAttributes = {
					93DF8F1523A99153007766BB = {
						CreatedOnToolsVersion = 11.3;
					};
				};
			};
			buildConfigurationList = 93DF8F1123A99153007766BB /* Build configuration list for PBXProject "BartAPI" */;
			compatibilityVersion = "Xcode 9.3";
			developmentRegion = en;
			hasScannedForEncodings = 0;
			knownRegions = (
				en,
				Base,
			);
			mainGroup = 93DF8F0D23A99153007766BB;
			productRefGroup = 93DF8F1723A99153007766BB /* Products */;
			projectDirPath = "";
			projectRoot = "";
			targets = (
				93DF8F1523A99153007766BB /* BartAPI */,
			);
		};
/* End PBXProject section */

/* Begin PBXResourcesBuildPhase section */
		93DF8F1423A99153007766BB /* Resources */ = {
			isa = PBXResourcesBuildPhase;
			buildActionMask = 2147483647;
			files = (
				93DF8F2923A99157007766BB /* LaunchScreen.storyboard in Resources */,
				93DF8F2623A99157007766BB /* Assets.xcassets in Resources */,
				93DF8F2123A99154007766BB /* Main.storyboard in Resources */,
			);
			runOnlyForDeploymentPostprocessing = 0;
		};
/* End PBXResourcesBuildPhase section */

/* Begin PBXSourcesBuildPhase section */
		93DF8F1223A99153007766BB /* Sources */ = {
			isa = PBXSourcesBuildPhase;
			buildActionMask = 2147483647;
			files = (
				9371C97223B042B10022C0F4 /* UIView+Ext.swift in Sources */,
				9394A29C240B56EC00E8A2BF /* RealTimeInfoAPI.swift in Sources */,
				9370226A23BE80FA00D45D8C /* Train.swift in Sources */,
				93E1EEF123CEAC1C00C5676A /* mapViewDelegate.swift in Sources */,
				93940C77240DA386004303AE /* NeoMap.swift in Sources */,
				93940C88240DA628004303AE /* UIButton+Ext.swift in Sources */,
				930B19AD23D3C59000D7A325 /* Fare.swift in Sources */,
				93940C84240DA56B004303AE /* StationListCell.swift in Sources */,
				932BC52A24145D3900D5501A /* NavigationController+Ext.swift in Sources */,
				936E9C3423AB673800BD9E56 /* StationInfo.swift in Sources */,
				93DF8F3223A99260007766BB /* Station.swift in Sources */,
				93BF613223DBB2B10000C6D2 /* UIViewController+Ext.swift in Sources */,
				93940C7A240DA3D3004303AE /* NeoTableView.swift in Sources */,
				93214C8E23AE9FA1008BD634 /* Route.swift in Sources */,
				936E9C3223AB241E00BD9E56 /* UIColor+Ext.swift in Sources */,
				9394A296240B547F00E8A2BF /* NetworkManager.swift in Sources */,
				93A5EC7023B6E6DF007C5860 /* DispatchQueue+Ext.swift in Sources */,
				93DF8F1A23A99154007766BB /* AppDelegate.swift in Sources */,
				9394A298240B555F00E8A2BF /* StationsAPI.swift in Sources */,
				9394A29F240B573900E8A2BF /* AdvisoryInfoAPI.swift in Sources */,
				93940C80240DA538004303AE /* NearestStationCell.swift in Sources */,
				93940C7D240DA50F004303AE /* NeoButton.swift in Sources */,
				93DF8F1C23A99154007766BB /* SceneDelegate.swift in Sources */,
				9356108024171A1600D92CC1 /* StationListViewController.swift in Sources */,
				93E1EEF323D02B0700C5676A /* MapKit+Ext.swift in Sources */,
				93940C86240DA5B7004303AE /* TrainArrivalsCell.swift in Sources */,
				93DF8F2423A99154007766BB /* BartAPI.xcdatamodeld in Sources */,
				9394A29A240B569E00E8A2BF /* ScheduleAPI.swift in Sources */,
				930F8E9523DAAAB5008DDC35 /* Advisory.swift in Sources */,
				93940C73240DA302004303AE /* NeoHomeViewController.swift in Sources */,
				93BE2D5A23DA6E5A001FC436 /* AdvisoryPopUp.swift in Sources */,
				93940C82240DA54F004303AE /* NextTrainCell.swift in Sources */,
			);
			runOnlyForDeploymentPostprocessing = 0;
		};
/* End PBXSourcesBuildPhase section */

/* Begin PBXVariantGroup section */
		93DF8F1F23A99154007766BB /* Main.storyboard */ = {
			isa = PBXVariantGroup;
			children = (
				93DF8F2023A99154007766BB /* Base */,
			);
			name = Main.storyboard;
			sourceTree = "<group>";
		};
		93DF8F2723A99157007766BB /* LaunchScreen.storyboard */ = {
			isa = PBXVariantGroup;
			children = (
				93DF8F2823A99157007766BB /* Base */,
			);
			name = LaunchScreen.storyboard;
			sourceTree = "<group>";
		};
/* End PBXVariantGroup section */

/* Begin XCBuildConfiguration section */
		93DF8F2B23A99157007766BB /* Debug */ = {
			isa = XCBuildConfiguration;
			buildSettings = {
				ALWAYS_SEARCH_USER_PATHS = NO;
				CLANG_ANALYZER_NONNULL = YES;
				CLANG_ANALYZER_NUMBER_OBJECT_CONVERSION = YES_AGGRESSIVE;
				CLANG_CXX_LANGUAGE_STANDARD = "gnu++14";
				CLANG_CXX_LIBRARY = "libc++";
				CLANG_ENABLE_MODULES = YES;
				CLANG_ENABLE_OBJC_ARC = YES;
				CLANG_ENABLE_OBJC_WEAK = YES;
				CLANG_WARN_BLOCK_CAPTURE_AUTORELEASING = YES;
				CLANG_WARN_BOOL_CONVERSION = YES;
				CLANG_WARN_COMMA = YES;
				CLANG_WARN_CONSTANT_CONVERSION = YES;
				CLANG_WARN_DEPRECATED_OBJC_IMPLEMENTATIONS = YES;
				CLANG_WARN_DIRECT_OBJC_ISA_USAGE = YES_ERROR;
				CLANG_WARN_DOCUMENTATION_COMMENTS = YES;
				CLANG_WARN_EMPTY_BODY = YES;
				CLANG_WARN_ENUM_CONVERSION = YES;
				CLANG_WARN_INFINITE_RECURSION = YES;
				CLANG_WARN_INT_CONVERSION = YES;
				CLANG_WARN_NON_LITERAL_NULL_CONVERSION = YES;
				CLANG_WARN_OBJC_IMPLICIT_RETAIN_SELF = YES;
				CLANG_WARN_OBJC_LITERAL_CONVERSION = YES;
				CLANG_WARN_OBJC_ROOT_CLASS = YES_ERROR;
				CLANG_WARN_RANGE_LOOP_ANALYSIS = YES;
				CLANG_WARN_STRICT_PROTOTYPES = YES;
				CLANG_WARN_SUSPICIOUS_MOVE = YES;
				CLANG_WARN_UNGUARDED_AVAILABILITY = YES_AGGRESSIVE;
				CLANG_WARN_UNREACHABLE_CODE = YES;
				CLANG_WARN__DUPLICATE_METHOD_MATCH = YES;
				COPY_PHASE_STRIP = NO;
				DEBUG_INFORMATION_FORMAT = dwarf;
				ENABLE_STRICT_OBJC_MSGSEND = YES;
				ENABLE_TESTABILITY = YES;
				GCC_C_LANGUAGE_STANDARD = gnu11;
				GCC_DYNAMIC_NO_PIC = NO;
				GCC_NO_COMMON_BLOCKS = YES;
				GCC_OPTIMIZATION_LEVEL = 0;
				GCC_PREPROCESSOR_DEFINITIONS = (
					"DEBUG=1",
					"$(inherited)",
				);
				GCC_WARN_64_TO_32_BIT_CONVERSION = YES;
				GCC_WARN_ABOUT_RETURN_TYPE = YES_ERROR;
				GCC_WARN_UNDECLARED_SELECTOR = YES;
				GCC_WARN_UNINITIALIZED_AUTOS = YES_AGGRESSIVE;
				GCC_WARN_UNUSED_FUNCTION = YES;
				GCC_WARN_UNUSED_VARIABLE = YES;
				IPHONEOS_DEPLOYMENT_TARGET = 13.2;
				MTL_ENABLE_DEBUG_INFO = INCLUDE_SOURCE;
				MTL_FAST_MATH = YES;
				ONLY_ACTIVE_ARCH = YES;
				SDKROOT = iphoneos;
				SWIFT_ACTIVE_COMPILATION_CONDITIONS = DEBUG;
				SWIFT_OPTIMIZATION_LEVEL = "-Onone";
			};
			name = Debug;
		};
		93DF8F2C23A99157007766BB /* Release */ = {
			isa = XCBuildConfiguration;
			buildSettings = {
				ALWAYS_SEARCH_USER_PATHS = NO;
				CLANG_ANALYZER_NONNULL = YES;
				CLANG_ANALYZER_NUMBER_OBJECT_CONVERSION = YES_AGGRESSIVE;
				CLANG_CXX_LANGUAGE_STANDARD = "gnu++14";
				CLANG_CXX_LIBRARY = "libc++";
				CLANG_ENABLE_MODULES = YES;
				CLANG_ENABLE_OBJC_ARC = YES;
				CLANG_ENABLE_OBJC_WEAK = YES;
				CLANG_WARN_BLOCK_CAPTURE_AUTORELEASING = YES;
				CLANG_WARN_BOOL_CONVERSION = YES;
				CLANG_WARN_COMMA = YES;
				CLANG_WARN_CONSTANT_CONVERSION = YES;
				CLANG_WARN_DEPRECATED_OBJC_IMPLEMENTATIONS = YES;
				CLANG_WARN_DIRECT_OBJC_ISA_USAGE = YES_ERROR;
				CLANG_WARN_DOCUMENTATION_COMMENTS = YES;
				CLANG_WARN_EMPTY_BODY = YES;
				CLANG_WARN_ENUM_CONVERSION = YES;
				CLANG_WARN_INFINITE_RECURSION = YES;
				CLANG_WARN_INT_CONVERSION = YES;
				CLANG_WARN_NON_LITERAL_NULL_CONVERSION = YES;
				CLANG_WARN_OBJC_IMPLICIT_RETAIN_SELF = YES;
				CLANG_WARN_OBJC_LITERAL_CONVERSION = YES;
				CLANG_WARN_OBJC_ROOT_CLASS = YES_ERROR;
				CLANG_WARN_RANGE_LOOP_ANALYSIS = YES;
				CLANG_WARN_STRICT_PROTOTYPES = YES;
				CLANG_WARN_SUSPICIOUS_MOVE = YES;
				CLANG_WARN_UNGUARDED_AVAILABILITY = YES_AGGRESSIVE;
				CLANG_WARN_UNREACHABLE_CODE = YES;
				CLANG_WARN__DUPLICATE_METHOD_MATCH = YES;
				COPY_PHASE_STRIP = NO;
				DEBUG_INFORMATION_FORMAT = "dwarf-with-dsym";
				ENABLE_NS_ASSERTIONS = NO;
				ENABLE_STRICT_OBJC_MSGSEND = YES;
				GCC_C_LANGUAGE_STANDARD = gnu11;
				GCC_NO_COMMON_BLOCKS = YES;
				GCC_WARN_64_TO_32_BIT_CONVERSION = YES;
				GCC_WARN_ABOUT_RETURN_TYPE = YES_ERROR;
				GCC_WARN_UNDECLARED_SELECTOR = YES;
				GCC_WARN_UNINITIALIZED_AUTOS = YES_AGGRESSIVE;
				GCC_WARN_UNUSED_FUNCTION = YES;
				GCC_WARN_UNUSED_VARIABLE = YES;
				IPHONEOS_DEPLOYMENT_TARGET = 13.2;
				MTL_ENABLE_DEBUG_INFO = NO;
				MTL_FAST_MATH = YES;
				SDKROOT = iphoneos;
				SWIFT_COMPILATION_MODE = wholemodule;
				SWIFT_OPTIMIZATION_LEVEL = "-O";
				VALIDATE_PRODUCT = YES;
			};
			name = Release;
		};
		93DF8F2E23A99157007766BB /* Debug */ = {
			isa = XCBuildConfiguration;
			buildSettings = {
				ASSETCATALOG_COMPILER_APPICON_NAME = "AppIcon-1";
				CODE_SIGN_STYLE = Automatic;
				DEVELOPMENT_TEAM = YN3QCKF83N;
				INFOPLIST_FILE = BartAPI/Info.plist;
				IPHONEOS_DEPLOYMENT_TARGET = 13.0;
				LD_RUNPATH_SEARCH_PATHS = (
					"$(inherited)",
					"@executable_path/Frameworks",
				);
				MARKETING_VERSION = 1.5;
				PRODUCT_BUNDLE_IDENTIFIER = aduran.BartAPI;
				PRODUCT_NAME = "$(TARGET_NAME)";
				SWIFT_VERSION = 5.0;
				TARGETED_DEVICE_FAMILY = "1,2";
			};
			name = Debug;
		};
		93DF8F2F23A99157007766BB /* Release */ = {
			isa = XCBuildConfiguration;
			buildSettings = {
				ASSETCATALOG_COMPILER_APPICON_NAME = "AppIcon-1";
				CODE_SIGN_STYLE = Automatic;
				DEVELOPMENT_TEAM = YN3QCKF83N;
				INFOPLIST_FILE = BartAPI/Info.plist;
				IPHONEOS_DEPLOYMENT_TARGET = 13.0;
				LD_RUNPATH_SEARCH_PATHS = (
					"$(inherited)",
					"@executable_path/Frameworks",
				);
				MARKETING_VERSION = 1.5;
				PRODUCT_BUNDLE_IDENTIFIER = aduran.BartAPI;
				PRODUCT_NAME = "$(TARGET_NAME)";
				SWIFT_VERSION = 5.0;
				TARGETED_DEVICE_FAMILY = "1,2";
			};
			name = Release;
		};
/* End XCBuildConfiguration section */

/* Begin XCConfigurationList section */
		93DF8F1123A99153007766BB /* Build configuration list for PBXProject "BartAPI" */ = {
			isa = XCConfigurationList;
			buildConfigurations = (
				93DF8F2B23A99157007766BB /* Debug */,
				93DF8F2C23A99157007766BB /* Release */,
			);
			defaultConfigurationIsVisible = 0;
			defaultConfigurationName = Release;
		};
		93DF8F2D23A99157007766BB /* Build configuration list for PBXNativeTarget "BartAPI" */ = {
			isa = XCConfigurationList;
			buildConfigurations = (
				93DF8F2E23A99157007766BB /* Debug */,
				93DF8F2F23A99157007766BB /* Release */,
			);
			defaultConfigurationIsVisible = 0;
			defaultConfigurationName = Release;
		};
/* End XCConfigurationList section */

/* Begin XCVersionGroup section */
		93DF8F2223A99154007766BB /* BartAPI.xcdatamodeld */ = {
			isa = XCVersionGroup;
			children = (
				93DF8F2323A99154007766BB /* BartAPI.xcdatamodel */,
			);
			currentVersion = 93DF8F2323A99154007766BB /* BartAPI.xcdatamodel */;
			path = BartAPI.xcdatamodeld;
			sourceTree = "<group>";
			versionGroupType = wrapper.xcdatamodel;
		};
/* End XCVersionGroup section */
	};
	rootObject = 93DF8F0E23A99153007766BB /* Project object */;
}
