// !$*UTF8*$!
{
	archiveVersion = 1;
	classes = {
	};
	objectVersion = 50;
	objects = {

/* Begin PBXBuildFile section */
		93DF8F1A23A99154007766BB /* AppDelegate.swift in Sources */ = {isa = PBXBuildFile; fileRef = 93DF8F1923A99154007766BB /* AppDelegate.swift */; };
		93DF8F1C23A99154007766BB /* SceneDelegate.swift in Sources */ = {isa = PBXBuildFile; fileRef = 93DF8F1B23A99154007766BB /* SceneDelegate.swift */; };
		93DF8F1E23A99154007766BB /* ViewController.swift in Sources */ = {isa = PBXBuildFile; fileRef = 93DF8F1D23A99154007766BB /* ViewController.swift */; };
		93DF8F2123A99154007766BB /* Main.storyboard in Resources */ = {isa = PBXBuildFile; fileRef = 93DF8F1F23A99154007766BB /* Main.storyboard */; };
		93DF8F2423A99154007766BB /* BartAPI.xcdatamodeld in Sources */ = {isa = PBXBuildFile; fileRef = 93DF8F2223A99154007766BB /* BartAPI.xcdatamodeld */; };
		93DF8F2623A99157007766BB /* Assets.xcassets in Resources */ = {isa = PBXBuildFile; fileRef = 93DF8F2523A99157007766BB /* Assets.xcassets */; };
		93DF8F2923A99157007766BB /* LaunchScreen.storyboard in Resources */ = {isa = PBXBuildFile; fileRef = 93DF8F2723A99157007766BB /* LaunchScreen.storyboard */; };
/* End PBXBuildFile section */

/* Begin PBXFileReference section */
		93DF8F1623A99153007766BB /* BartAPI.app */ = {isa = PBXFileReference; explicitFileType = wrapper.application; includeInIndex = 0; path = BartAPI.app; sourceTree = BUILT_PRODUCTS_DIR; };
		93DF8F1923A99154007766BB /* AppDelegate.swift */ = {isa = PBXFileReference; lastKnownFileType = sourcecode.swift; path = AppDelegate.swift; sourceTree = "<group>"; };
		93DF8F1B23A99154007766BB /* SceneDelegate.swift */ = {isa = PBXFileReference; lastKnownFileType = sourcecode.swift; path = SceneDelegate.swift; sourceTree = "<group>"; };
		93DF8F1D23A99154007766BB /* ViewController.swift */ = {isa = PBXFileReference; lastKnownFileType = sourcecode.swift; path = ViewController.swift; sourceTree = "<group>"; };
		93DF8F2023A99154007766BB /* Base */ = {isa = PBXFileReference; lastKnownFileType = file.storyboard; name = Base; path = Base.lproj/Main.storyboard; sourceTree = "<group>"; };
		93DF8F2323A99154007766BB /* BartAPI.xcdatamodel */ = {isa = PBXFileReference; lastKnownFileType = wrapper.xcdatamodel; path = BartAPI.xcdatamodel; sourceTree = "<group>"; };
		93DF8F2523A99157007766BB /* Assets.xcassets */ = {isa = PBXFileReference; lastKnownFileType = folder.assetcatalog; path = Assets.xcassets; sourceTree = "<group>"; };
		93DF8F2823A99157007766BB /* Base */ = {isa = PBXFileReference; lastKnownFileType = file.storyboard; name = Base; path = Base.lproj/LaunchScreen.storyboard; sourceTree = "<group>"; };
		93DF8F2A23A99157007766BB /* Info.plist */ = {isa = PBXFileReference; lastKnownFileType = text.plist.xml; path = Info.plist; sourceTree = "<group>"; };
/* End PBXFileReference section */

/* Begin PBXFrameworksBuildPhase section */
		93DF8F1323A99153007766BB /* Frameworks */ = {
			isa = PBXFrameworksBuildPhase;
			buildActionMask = 2147483647;
			files = (
			);
			runOnlyForDeploymentPostprocessing = 0;
		};
/* End PBXFrameworksBuildPhase section */

/* Begin PBXGroup section */
		93DF8F0D23A99153007766BB = {
			isa = PBXGroup;
			children = (
				93DF8F1823A99153007766BB /* BartAPI */,
				93DF8F1723A99153007766BB /* Products */,
			);
			sourceTree = "<group>";
		};
		93DF8F1723A99153007766BB /* Products */ = {
			isa = PBXGroup;
			children = (
				93DF8F1623A99153007766BB /* BartAPI.app */,
			);
			name = Products;
			sourceTree = "<group>";
		};
		93DF8F1823A99153007766BB /* BartAPI */ = {
			isa = PBXGroup;
			children = (
				93DF8F1923A99154007766BB /* AppDelegate.swift */,
				93DF8F1B23A99154007766BB /* SceneDelegate.swift */,
				93DF8F1D23A99154007766BB /* ViewController.swift */,
				93DF8F1F23A99154007766BB /* Main.storyboard */,
				93DF8F2523A99157007766BB /* Assets.xcassets */,
				93DF8F2723A99157007766BB /* LaunchScreen.storyboard */,
				93DF8F2A23A99157007766BB /* Info.plist */,
				93DF8F2223A99154007766BB /* BartAPI.xcdatamodeld */,
			);
			path = BartAPI;
			sourceTree = "<group>";
		};
/* End PBXGroup section */

/* Begin PBXNativeTarget section */
		93DF8F1523A99153007766BB /* BartAPI */ = {
			isa = PBXNativeTarget;
			buildConfigurationList = 93DF8F2D23A99157007766BB /* Build configuration list for PBXNativeTarget "BartAPI" */;
			buildPhases = (
				93DF8F1223A99153007766BB /* Sources */,
				93DF8F1323A99153007766BB /* Frameworks */,
				93DF8F1423A99153007766BB /* Resources */,
			);
			buildRules = (
			);
			dependencies = (
			);
			name = BartAPI;
			productName = BartAPI;
			productReference = 93DF8F1623A99153007766BB /* BartAPI.app */;
			productType = "com.apple.product-type.application";
		};
/* End PBXNativeTarget section */

/* Begin PBXProject section */
		93DF8F0E23A99153007766BB /* Project object */ = {
			isa = PBXProject;
			attributes = {
				LastSwiftUpdateCheck = 1130;
				LastUpgradeCheck = 1130;
				ORGANIZATIONNAME = "Adrian Duran";
				TargetAttributes = {
					93DF8F1523A99153007766BB = {
						CreatedOnToolsVersion = 11.3;
					};
				};
			};
			buildConfigurationList = 93DF8F1123A99153007766BB /* Build configuration list for PBXProject "BartAPI" */;
			compatibilityVersion = "Xcode 9.3";
			developmentRegion = en;
			hasScannedForEncodings = 0;
			knownRegions = (
				en,
				Base,
			);
			mainGroup = 93DF8F0D23A99153007766BB;
			productRefGroup = 93DF8F1723A99153007766BB /* Products */;
			projectDirPath = "";
			projectRoot = "";
			targets = (
				93DF8F1523A99153007766BB /* BartAPI */,
			);
		};
/* End PBXProject section */

/* Begin PBXResourcesBuildPhase section */
		93DF8F1423A99153007766BB /* Resources */ = {
			isa = PBXResourcesBuildPhase;
			buildActionMask = 2147483647;
			files = (
				93DF8F2923A99157007766BB /* LaunchScreen.storyboard in Resources */,
				93DF8F2623A99157007766BB /* Assets.xcassets in Resources */,
				93DF8F2123A99154007766BB /* Main.storyboard in Resources */,
			);
			runOnlyForDeploymentPostprocessing = 0;
		};
/* End PBXResourcesBuildPhase section */

/* Begin PBXSourcesBuildPhase section */
		93DF8F1223A99153007766BB /* Sources */ = {
			isa = PBXSourcesBuildPhase;
			buildActionMask = 2147483647;
			files = (
				93DF8F1E23A99154007766BB /* ViewController.swift in Sources */,
				93DF8F1A23A99154007766BB /* AppDelegate.swift in Sources */,
				93DF8F1C23A99154007766BB /* SceneDelegate.swift in Sources */,
				93DF8F2423A99154007766BB /* BartAPI.xcdatamodeld in Sources */,
			);
			runOnlyForDeploymentPostprocessing = 0;
		};
/* End PBXSourcesBuildPhase section */

/* Begin PBXVariantGroup section */
		93DF8F1F23A99154007766BB /* Main.storyboard */ = {
			isa = PBXVariantGroup;
			children = (
				93DF8F2023A99154007766BB /* Base */,
			);
			name = Main.storyboard;
			sourceTree = "<group>";
		};
		93DF8F2723A99157007766BB /* LaunchScreen.storyboard */ = {
			isa = PBXVariantGroup;
			children = (
				93DF8F2823A99157007766BB /* Base */,
			);
			name = LaunchScreen.storyboard;
			sourceTree = "<group>";
		};
/* End PBXVariantGroup section */

/* Begin XCBuildConfiguration section */
		93DF8F2B23A99157007766BB /* Debug */ = {
			isa = XCBuildConfiguration;
			buildSettings = {
				ALWAYS_SEARCH_USER_PATHS = NO;
				CLANG_ANALYZER_NONNULL = YES;
				CLANG_ANALYZER_NUMBER_OBJECT_CONVERSION = YES_AGGRESSIVE;
				CLANG_CXX_LANGUAGE_STANDARD = "gnu++14";
				CLANG_CXX_LIBRARY = "libc++";
				CLANG_ENABLE_MODULES = YES;
				CLANG_ENABLE_OBJC_ARC = YES;
				CLANG_ENABLE_OBJC_WEAK = YES;
				CLANG_WARN_BLOCK_CAPTURE_AUTORELEASING = YES;
				CLANG_WARN_BOOL_CONVERSION = YES;
				CLANG_WARN_COMMA = YES;
				CLANG_WARN_CONSTANT_CONVERSION = YES;
				CLANG_WARN_DEPRECATED_OBJC_IMPLEMENTATIONS = YES;
				CLANG_WARN_DIRECT_OBJC_ISA_USAGE = YES_ERROR;
				CLANG_WARN_DOCUMENTATION_COMMENTS = YES;
				CLANG_WARN_EMPTY_BODY = YES;
				CLANG_WARN_ENUM_CONVERSION = YES;
				CLANG_WARN_INFINITE_RECURSION = YES;
				CLANG_WARN_INT_CONVERSION = YES;
				CLANG_WARN_NON_LITERAL_NULL_CONVERSION = YES;
				CLANG_WARN_OBJC_IMPLICIT_RETAIN_SELF = YES;
				CLANG_WARN_OBJC_LITERAL_CONVERSION = YES;
				CLANG_WARN_OBJC_ROOT_CLASS = YES_ERROR;
				CLANG_WARN_RANGE_LOOP_ANALYSIS = YES;
				CLANG_WARN_STRICT_PROTOTYPES = YES;
				CLANG_WARN_SUSPICIOUS_MOVE = YES;
				CLANG_WARN_UNGUARDED_AVAILABILITY = YES_AGGRESSIVE;
				CLANG_WARN_UNREACHABLE_CODE = YES;
				CLANG_WARN__DUPLICATE_METHOD_MATCH = YES;
				COPY_PHASE_STRIP = NO;
				DEBUG_INFORMATION_FORMAT = dwarf;
				ENABLE_STRICT_OBJC_MSGSEND = YES;
				ENABLE_TESTABILITY = YES;
				GCC_C_LANGUAGE_STANDARD = gnu11;
				GCC_DYNAMIC_NO_PIC = NO;
				GCC_NO_COMMON_BLOCKS = YES;
				GCC_OPTIMIZATION_LEVEL = 0;
				GCC_PREPROCESSOR_DEFINITIONS = (
					"DEBUG=1",
					"$(inherited)",
				);
				GCC_WARN_64_TO_32_BIT_CONVERSION = YES;
				GCC_WARN_ABOUT_RETURN_TYPE = YES_ERROR;
				GCC_WARN_UNDECLARED_SELECTOR = YES;
				GCC_WARN_UNINITIALIZED_AUTOS = YES_AGGRESSIVE;
				GCC_WARN_UNUSED_FUNCTION = YES;
				GCC_WARN_UNUSED_VARIABLE = YES;
				IPHONEOS_DEPLOYMENT_TARGET = 13.2;
				MTL_ENABLE_DEBUG_INFO = INCLUDE_SOURCE;
				MTL_FAST_MATH = YES;
				ONLY_ACTIVE_ARCH = YES;
				SDKROOT = iphoneos;
				SWIFT_ACTIVE_COMPILATION_CONDITIONS = DEBUG;
				SWIFT_OPTIMIZATION_LEVEL = "-Onone";
			};
			name = Debug;
		};
		93DF8F2C23A99157007766BB /* Release */ = {
			isa = XCBuildConfiguration;
			buildSettings = {
				ALWAYS_SEARCH_USER_PATHS = NO;
				CLANG_ANALYZER_NONNULL = YES;
				CLANG_ANALYZER_NUMBER_OBJECT_CONVERSION = YES_AGGRESSIVE;
				CLANG_CXX_LANGUAGE_STANDARD = "gnu++14";
				CLANG_CXX_LIBRARY = "libc++";
				CLANG_ENABLE_MODULES = YES;
				CLANG_ENABLE_OBJC_ARC = YES;
				CLANG_ENABLE_OBJC_WEAK = YES;
				CLANG_WARN_BLOCK_CAPTURE_AUTORELEASING = YES;
				CLANG_WARN_BOOL_CONVERSION = YES;
				CLANG_WARN_COMMA = YES;
				CLANG_WARN_CONSTANT_CONVERSION = YES;
				CLANG_WARN_DEPRECATED_OBJC_IMPLEMENTATIONS = YES;
				CLANG_WARN_DIRECT_OBJC_ISA_USAGE = YES_ERROR;
				CLANG_WARN_DOCUMENTATION_COMMENTS = YES;
				CLANG_WARN_EMPTY_BODY = YES;
				CLANG_WARN_ENUM_CONVERSION = YES;
				CLANG_WARN_INFINITE_RECURSION = YES;
				CLANG_WARN_INT_CONVERSION = YES;
				CLANG_WARN_NON_LITERAL_NULL_CONVERSION = YES;
				CLANG_WARN_OBJC_IMPLICIT_RETAIN_SELF = YES;
				CLANG_WARN_OBJC_LITERAL_CONVERSION = YES;
				CLANG_WARN_OBJC_ROOT_CLASS = YES_ERROR;
				CLANG_WARN_RANGE_LOOP_ANALYSIS = YES;
				CLANG_WARN_STRICT_PROTOTYPES = YES;
				CLANG_WARN_SUSPICIOUS_MOVE = YES;
				CLANG_WARN_UNGUARDED_AVAILABILITY = YES_AGGRESSIVE;
				CLANG_WARN_UNREACHABLE_CODE = YES;
				CLANG_WARN__DUPLICATE_METHOD_MATCH = YES;
				COPY_PHASE_STRIP = NO;
				DEBUG_INFORMATION_FORMAT = "dwarf-with-dsym";
				ENABLE_NS_ASSERTIONS = NO;
				ENABLE_STRICT_OBJC_MSGSEND = YES;
				GCC_C_LANGUAGE_STANDARD = gnu11;
				GCC_NO_COMMON_BLOCKS = YES;
				GCC_WARN_64_TO_32_BIT_CONVERSION = YES;
				GCC_WARN_ABOUT_RETURN_TYPE = YES_ERROR;
				GCC_WARN_UNDECLARED_SELECTOR = YES;
				GCC_WARN_UNINITIALIZED_AUTOS = YES_AGGRESSIVE;
				GCC_WARN_UNUSED_FUNCTION = YES;
				GCC_WARN_UNUSED_VARIABLE = YES;
				IPHONEOS_DEPLOYMENT_TARGET = 13.2;
				MTL_ENABLE_DEBUG_INFO = NO;
				MTL_FAST_MATH = YES;
				SDKROOT = iphoneos;
				SWIFT_COMPILATION_MODE = wholemodule;
				SWIFT_OPTIMIZATION_LEVEL = "-O";
				VALIDATE_PRODUCT = YES;
			};
			name = Release;
		};
		93DF8F2E23A99157007766BB /* Debug */ = {
			isa = XCBuildConfiguration;
			buildSettings = {
				ASSETCATALOG_COMPILER_APPICON_NAME = AppIcon;
				CODE_SIGN_STYLE = Automatic;
				DEVELOPMENT_TEAM = YN3QCKF83N;
				INFOPLIST_FILE = BartAPI/Info.plist;
				LD_RUNPATH_SEARCH_PATHS = (
					"$(inherited)",
					"@executable_path/Frameworks",
				);
				PRODUCT_BUNDLE_IDENTIFIER = aduran.BartAPI;
				PRODUCT_NAME = "$(TARGET_NAME)";
				SWIFT_VERSION = 5.0;
				TARGETED_DEVICE_FAMILY = "1,2";
			};
			name = Debug;
		};
		93DF8F2F23A99157007766BB /* Release */ = {
			isa = XCBuildConfiguration;
			buildSettings = {
				ASSETCATALOG_COMPILER_APPICON_NAME = AppIcon;
				CODE_SIGN_STYLE = Automatic;
				DEVELOPMENT_TEAM = YN3QCKF83N;
				INFOPLIST_FILE = BartAPI/Info.plist;
				LD_RUNPATH_SEARCH_PATHS = (
					"$(inherited)",
					"@executable_path/Frameworks",
				);
				PRODUCT_BUNDLE_IDENTIFIER = aduran.BartAPI;
				PRODUCT_NAME = "$(TARGET_NAME)";
				SWIFT_VERSION = 5.0;
				TARGETED_DEVICE_FAMILY = "1,2";
			};
			name = Release;
		};
/* End XCBuildConfiguration section */

/* Begin XCConfigurationList section */
		93DF8F1123A99153007766BB /* Build configuration list for PBXProject "BartAPI" */ = {
			isa = XCConfigurationList;
			buildConfigurations = (
				93DF8F2B23A99157007766BB /* Debug */,
				93DF8F2C23A99157007766BB /* Release */,
			);
			defaultConfigurationIsVisible = 0;
			defaultConfigurationName = Release;
		};
		93DF8F2D23A99157007766BB /* Build configuration list for PBXNativeTarget "BartAPI" */ = {
			isa = XCConfigurationList;
			buildConfigurations = (
				93DF8F2E23A99157007766BB /* Debug */,
				93DF8F2F23A99157007766BB /* Release */,
			);
			defaultConfigurationIsVisible = 0;
			defaultConfigurationName = Release;
		};
/* End XCConfigurationList section */

/* Begin XCVersionGroup section */
		93DF8F2223A99154007766BB /* BartAPI.xcdatamodeld */ = {
			isa = XCVersionGroup;
			children = (
				93DF8F2323A99154007766BB /* BartAPI.xcdatamodel */,
			);
			currentVersion = 93DF8F2323A99154007766BB /* BartAPI.xcdatamodel */;
			path = BartAPI.xcdatamodeld;
			sourceTree = "<group>";
			versionGroupType = wrapper.xcdatamodel;
		};
/* End XCVersionGroup section */
	};
	rootObject = 93DF8F0E23A99153007766BB /* Project object */;
}
